PODS:
  - AppAuth (1.4.0):
    - AppAuth/Core (= 1.4.0)
    - AppAuth/ExternalUserAgent (= 1.4.0)
  - AppAuth/Core (1.4.0)
  - AppAuth/ExternalUserAgent (1.4.0)
  - MultiPlatformLibrary (0.1.0)
  - MultiPlatformLibraryMvvm/Core (0.9.1):
    - MultiPlatformLibrary
  - SecureDefaults (1.0.0)

DEPENDENCIES:
  - AppAuth (= 1.4.0)
  - MultiPlatformLibrary (from `../app`)
  - MultiPlatformLibraryMvvm/Core (from `https://github.com/icerockdev/moko-mvvm.git`, tag `release/0.9.1`)
  - SecureDefaults (= 1.0.0)

SPEC REPOS:
  trunk:
    - AppAuth
    - SecureDefaults

EXTERNAL SOURCES:
  MultiPlatformLibrary:
    :path: "../app"
  MultiPlatformLibraryMvvm:
    :git: https://github.com/icerockdev/moko-mvvm.git
    :tag: release/0.9.1

CHECKOUT OPTIONS:
  MultiPlatformLibraryMvvm:
    :git: https://github.com/icerockdev/moko-mvvm.git
    :tag: release/0.9.1

SPEC CHECKSUMS:
  AppAuth: 31bcec809a638d7bd2f86ea8a52bd45f6e81e7c7
  MultiPlatformLibrary: 0ac96fd2c92b2c8d92245cbb037af3839dd74a84
  MultiPlatformLibraryMvvm: b5eb90eeae57e9f8d63dce913e7dfb7f84271aee
  SecureDefaults: 2945eb9521db3e6800bbd24e8b76af918ae4f239

PODFILE CHECKSUM: 5c5a8ca42bec518578e56361b80c29bb5036d86a

COCOAPODS: 1.10.1
